{
  "originHash" : "55df34735be77dde4d92b13fbd90e1b9ab472fa212519a415a896f5c0e895487",
  "pins" : [
    {
      "identity" : "appsflyerframework-static",
      "kind" : "remoteSourceControl",
      "location" : "https://github.com/AppsFlyerSDK/AppsFlyerFramework-Static",
      "state" : {
        "revision" : "2470f59edca12de0096b28ed144ee31083481cfe",
        "version" : "7.0.0"
      }
    }
  ],
  "version" : 3
}
